
Microsoft Visual Studio Solution File, Format Version 12.00
# Visual Studio Version 17
VisualStudioVersion = 17.14.36301.6 d17.14
MinimumVisualStudioVersion = 10.0.40219.1
Project("{FAE04EC0-301F-11D3-BF4B-00C04F79EFBC}") = "LGTask.Assignment.PL", "LG Task Assignment\LGTask.Assignment.PL.csproj", "{AC638858-6AFC-4307-9A78-89E208D57828}"
EndProject
Project("{FAE04EC0-301F-11D3-BF4B-00C04F79EFBC}") = "LGTask.Assignment.BLL", "LGTask.Assignment.BLL\LGTask.Assignment.BLL.csproj", "{AD5BD09C-966C-42B2-B052-E2239B0D02B0}"
EndProject
Project("{FAE04EC0-301F-11D3-BF4B-00C04F79EFBC}") = "LGTask.Assignment.DAL", "LGTask.Assignment.DAL\LGTask.Assignment.DAL.csproj", "{1908C5ED-7088-4345-8EDD-E6174EA43001}"
EndProject
Global
	GlobalSection(SolutionConfigurationPlatforms) = preSolution
		Debug|Any CPU = Debug|Any CPU
		Release|Any CPU = Release|Any CPU
	EndGlobalSection
	GlobalSection(ProjectConfigurationPlatforms) = postSolution
		{AC638858-6AFC-4307-9A78-89E208D57828}.Debug|Any CPU.ActiveCfg = Debug|Any CPU
		{AC638858-6AFC-4307-9A78-89E208D57828}.Debug|Any CPU.Build.0 = Debug|Any CPU
		{AC638858-6AFC-4307-9A78-89E208D57828}.Release|Any CPU.ActiveCfg = Release|Any CPU
		{AC638858-6AFC-4307-9A78-89E208D57828}.Release|Any CPU.Build.0 = Release|Any CPU
		{AD5BD09C-966C-42B2-B052-E2239B0D02B0}.Debug|Any CPU.ActiveCfg = Debug|Any CPU
		{AD5BD09C-966C-42B2-B052-E2239B0D02B0}.Debug|Any CPU.Build.0 = Debug|Any CPU
		{AD5BD09C-966C-42B2-B052-E2239B0D02B0}.Release|Any CPU.ActiveCfg = Release|Any CPU
		{AD5BD09C-966C-42B2-B052-E2239B0D02B0}.Release|Any CPU.Build.0 = Release|Any CPU
		{1908C5ED-7088-4345-8EDD-E6174EA43001}.Debug|Any CPU.ActiveCfg = Debug|Any CPU
		{1908C5ED-7088-4345-8EDD-E6174EA43001}.Debug|Any CPU.Build.0 = Debug|Any CPU
		{1908C5ED-7088-4345-8EDD-E6174EA43001}.Release|Any CPU.ActiveCfg = Release|Any CPU
		{1908C5ED-7088-4345-8EDD-E6174EA43001}.Release|Any CPU.Build.0 = Release|Any CPU
	EndGlobalSection
	GlobalSection(SolutionProperties) = preSolution
		HideSolutionNode = FALSE
	EndGlobalSection
	GlobalSection(ExtensibilityGlobals) = postSolution
		SolutionGuid = {4A994AA3-A5C8-4B12-89D7-BBEC6292AE12}
	EndGlobalSection
EndGlobal
